// !$*UTF8*$!
{
	archiveVersion = 1;
	classes = {
	};
	objectVersion = 48;
	objects = {

/* Begin PBXBuildFile section */
		1A10FCC71FAEA7B300D30727 /* NoMAD_ADAuth.framework in Frameworks */ = {isa = PBXBuildFile; fileRef = 1A10FCBD1FAEA7B300D30727 /* NoMAD_ADAuth.framework */; };
		1A10FCCC1FAEA7B300D30727 /* NoMAD_ADAuthTests.swift in Sources */ = {isa = PBXBuildFile; fileRef = 1A10FCCB1FAEA7B300D30727 /* NoMAD_ADAuthTests.swift */; };
		1A10FCCE1FAEA7B300D30727 /* NoMAD_ADAuth.h in Headers */ = {isa = PBXBuildFile; fileRef = 1A10FCC01FAEA7B300D30727 /* NoMAD_ADAuth.h */; settings = {ATTRIBUTES = (Public, ); }; };
		1A93F6A1259A9B500024C90F /* ADAuthRunnerApp.swift in Sources */ = {isa = PBXBuildFile; fileRef = 1A93F6A0259A9B500024C90F /* ADAuthRunnerApp.swift */; };
		1A93F6A3259A9B500024C90F /* ContentView.swift in Sources */ = {isa = PBXBuildFile; fileRef = 1A93F6A2259A9B500024C90F /* ContentView.swift */; };
		1A93F6A5259A9B520024C90F /* Assets.xcassets in Resources */ = {isa = PBXBuildFile; fileRef = 1A93F6A4259A9B520024C90F /* Assets.xcassets */; };
		1A93F6A8259A9B520024C90F /* Preview Assets.xcassets in Resources */ = {isa = PBXBuildFile; fileRef = 1A93F6A7259A9B520024C90F /* Preview Assets.xcassets */; };
		1A93F6B4259A9B520024C90F /* ADAuthRunnerTests.swift in Sources */ = {isa = PBXBuildFile; fileRef = 1A93F6B3259A9B520024C90F /* ADAuthRunnerTests.swift */; };
		1A93F6BF259A9B520024C90F /* ADAuthRunnerUITests.swift in Sources */ = {isa = PBXBuildFile; fileRef = 1A93F6BE259A9B520024C90F /* ADAuthRunnerUITests.swift */; };
		1A93F6CF259ABFFF0024C90F /* NoMAD_ADAuth.framework in Frameworks */ = {isa = PBXBuildFile; fileRef = 1A10FCBD1FAEA7B300D30727 /* NoMAD_ADAuth.framework */; };
		1A93F6D0259ABFFF0024C90F /* NoMAD_ADAuth.framework in Embed Frameworks */ = {isa = PBXBuildFile; fileRef = 1A10FCBD1FAEA7B300D30727 /* NoMAD_ADAuth.framework */; settings = {ATTRIBUTES = (CodeSignOnCopy, RemoveHeadersOnCopy, ); }; };
		1A93F6D9259AC0530024C90F /* SessionManager.swift in Sources */ = {isa = PBXBuildFile; fileRef = 1A93F6D8259AC0530024C90F /* SessionManager.swift */; };
		1AB3EEED1FB6887C002D5F99 /* ADLDAPPing.swift in Sources */ = {isa = PBXBuildFile; fileRef = 1AB3EEEC1FB6887C002D5F99 /* ADLDAPPing.swift */; };
		1AB3EEF31FB688A6002D5F99 /* Extensions.swift in Sources */ = {isa = PBXBuildFile; fileRef = 1AB3EEF01FB688A6002D5F99 /* Extensions.swift */; };
		1AB3EEF41FB688A6002D5F99 /* Logger.swift in Sources */ = {isa = PBXBuildFile; fileRef = 1AB3EEF11FB688A6002D5F99 /* Logger.swift */; };
		1AB3EEF51FB688A6002D5F99 /* UNIXUtilities.swift in Sources */ = {isa = PBXBuildFile; fileRef = 1AB3EEF21FB688A6002D5F99 /* UNIXUtilities.swift */; };
		1AB3EEFC1FB688CB002D5F99 /* KerbUtil.h in Headers */ = {isa = PBXBuildFile; fileRef = 1AB3EEF71FB688CB002D5F99 /* KerbUtil.h */; };
		1AB3EEFD1FB688CB002D5F99 /* KlistUtil.swift in Sources */ = {isa = PBXBuildFile; fileRef = 1AB3EEF81FB688CB002D5F99 /* KlistUtil.swift */; };
		1AB3EEFE1FB688CB002D5F99 /* KerbUtil.m in Sources */ = {isa = PBXBuildFile; fileRef = 1AB3EEF91FB688CB002D5F99 /* KerbUtil.m */; };
		1AB3EEFF1FB688CB002D5F99 /* GSSItem.h in Headers */ = {isa = PBXBuildFile; fileRef = 1AB3EEFA1FB688CB002D5F99 /* GSSItem.h */; };
		1AB3EF001FB688CB002D5F99 /* krb5.h in Headers */ = {isa = PBXBuildFile; fileRef = 1AB3EEFB1FB688CB002D5F99 /* krb5.h */; };
		1AB3EF041FB688E6002D5F99 /* DNSResolver.h in Headers */ = {isa = PBXBuildFile; fileRef = 1AB3EF021FB688E6002D5F99 /* DNSResolver.h */; };
		1AB3EF051FB688E6002D5F99 /* DNSResolver.m in Sources */ = {isa = PBXBuildFile; fileRef = 1AB3EF031FB688E6002D5F99 /* DNSResolver.m */; };
		1AB3EF071FB68904002D5F99 /* UserRecord.swift in Sources */ = {isa = PBXBuildFile; fileRef = 1AB3EF061FB68904002D5F99 /* UserRecord.swift */; };
		1AB3EF091FB68922002D5F99 /* NoMADSession.swift in Sources */ = {isa = PBXBuildFile; fileRef = 1AB3EF081FB68922002D5F99 /* NoMADSession.swift */; };
		1AB3EF5F1FB69637002D5F99 /* GSS.framework in Frameworks */ = {isa = PBXBuildFile; fileRef = 1AB3EF351FB68C18002D5F99 /* GSS.framework */; };
		1AB3EF601FB6963B002D5F99 /* libresolv.tbd in Frameworks */ = {isa = PBXBuildFile; fileRef = 1AB3EF361FB68F37002D5F99 /* libresolv.tbd */; };
		1AB3EF611FB6963D002D5F99 /* Kerberos.framework in Frameworks */ = {isa = PBXBuildFile; fileRef = 1AB3EF341FB68BC4002D5F99 /* Kerberos.framework */; };
		1AB3EF631FB698CC002D5F99 /* ADUserTests.swift in Sources */ = {isa = PBXBuildFile; fileRef = 1AB3EF621FB698CC002D5F99 /* ADUserTests.swift */; };
		1AB3EF701FB69E0D002D5F99 /* Security.framework in Frameworks */ = {isa = PBXBuildFile; fileRef = 1AB3EF6D1FB69DB1002D5F99 /* Security.framework */; };
		1AB3EF771FB6A302002D5F99 /* SiteManager.swift in Sources */ = {isa = PBXBuildFile; fileRef = 1AB3EF761FB6A2FE002D5F99 /* SiteManager.swift */; };
		1AB3EF7B1FB6A3AB002D5F99 /* SessionManager.swift in Sources */ = {isa = PBXBuildFile; fileRef = 1AB3EF7A1FB6A3AB002D5F99 /* SessionManager.swift */; };
		1AB3EF7D1FB6A476002D5F99 /* ExpirationManager.swift in Sources */ = {isa = PBXBuildFile; fileRef = 1AB3EF7C1FB6A476002D5F99 /* ExpirationManager.swift */; };
		9C00CCFE1FD5B8E900B5B36A /* SessionManagerTests.swift in Sources */ = {isa = PBXBuildFile; fileRef = 9C00CCFD1FD5B8E900B5B36A /* SessionManagerTests.swift */; };
/* End PBXBuildFile section */

/* Begin PBXContainerItemProxy section */
		1A10FCC81FAEA7B300D30727 /* PBXContainerItemProxy */ = {
			isa = PBXContainerItemProxy;
			containerPortal = 1A10FCB41FAEA7B200D30727 /* Project object */;
			proxyType = 1;
			remoteGlobalIDString = 1A10FCBC1FAEA7B300D30727;
			remoteInfo = "NoMAD-ADAuth";
		};
		1A93F6B0259A9B520024C90F /* PBXContainerItemProxy */ = {
			isa = PBXContainerItemProxy;
			containerPortal = 1A10FCB41FAEA7B200D30727 /* Project object */;
			proxyType = 1;
			remoteGlobalIDString = 1A93F69D259A9B500024C90F;
			remoteInfo = ADAuthRunner;
		};
		1A93F6BB259A9B520024C90F /* PBXContainerItemProxy */ = {
			isa = PBXContainerItemProxy;
			containerPortal = 1A10FCB41FAEA7B200D30727 /* Project object */;
			proxyType = 1;
			remoteGlobalIDString = 1A93F69D259A9B500024C90F;
			remoteInfo = ADAuthRunner;
		};
		1A93F6D1259ABFFF0024C90F /* PBXContainerItemProxy */ = {
			isa = PBXContainerItemProxy;
			containerPortal = 1A10FCB41FAEA7B200D30727 /* Project object */;
			proxyType = 1;
			remoteGlobalIDString = 1A10FCBC1FAEA7B300D30727;
			remoteInfo = "NoMAD-ADAuth";
		};
/* End PBXContainerItemProxy section */

/* Begin PBXCopyFilesBuildPhase section */
		1A93F6D3259ABFFF0024C90F /* Embed Frameworks */ = {
			isa = PBXCopyFilesBuildPhase;
			buildActionMask = 2147483647;
			dstPath = "";
			dstSubfolderSpec = 10;
			files = (
				1A93F6D0259ABFFF0024C90F /* NoMAD_ADAuth.framework in Embed Frameworks */,
			);
			name = "Embed Frameworks";
			runOnlyForDeploymentPostprocessing = 0;
		};
/* End PBXCopyFilesBuildPhase section */

/* Begin PBXFileReference section */
		1A10FCBD1FAEA7B300D30727 /* NoMAD_ADAuth.framework */ = {isa = PBXFileReference; explicitFileType = wrapper.framework; includeInIndex = 0; path = NoMAD_ADAuth.framework; sourceTree = BUILT_PRODUCTS_DIR; };
		1A10FCC01FAEA7B300D30727 /* NoMAD_ADAuth.h */ = {isa = PBXFileReference; lastKnownFileType = sourcecode.c.h; path = NoMAD_ADAuth.h; sourceTree = "<group>"; };
		1A10FCC11FAEA7B300D30727 /* Info.plist */ = {isa = PBXFileReference; lastKnownFileType = text.plist.xml; path = Info.plist; sourceTree = "<group>"; };
		1A10FCC61FAEA7B300D30727 /* NoMAD-ADAuthTests.xctest */ = {isa = PBXFileReference; explicitFileType = wrapper.cfbundle; includeInIndex = 0; path = "NoMAD-ADAuthTests.xctest"; sourceTree = BUILT_PRODUCTS_DIR; };
		1A10FCCB1FAEA7B300D30727 /* NoMAD_ADAuthTests.swift */ = {isa = PBXFileReference; lastKnownFileType = sourcecode.swift; path = NoMAD_ADAuthTests.swift; sourceTree = "<group>"; };
		1A10FCCD1FAEA7B300D30727 /* Info.plist */ = {isa = PBXFileReference; lastKnownFileType = text.plist.xml; path = Info.plist; sourceTree = "<group>"; };
		1A93F69E259A9B500024C90F /* ADAuthRunner.app */ = {isa = PBXFileReference; explicitFileType = wrapper.application; includeInIndex = 0; path = ADAuthRunner.app; sourceTree = BUILT_PRODUCTS_DIR; };
		1A93F6A0259A9B500024C90F /* ADAuthRunnerApp.swift */ = {isa = PBXFileReference; lastKnownFileType = sourcecode.swift; path = ADAuthRunnerApp.swift; sourceTree = "<group>"; };
		1A93F6A2259A9B500024C90F /* ContentView.swift */ = {isa = PBXFileReference; lastKnownFileType = sourcecode.swift; path = ContentView.swift; sourceTree = "<group>"; };
		1A93F6A4259A9B520024C90F /* Assets.xcassets */ = {isa = PBXFileReference; lastKnownFileType = folder.assetcatalog; path = Assets.xcassets; sourceTree = "<group>"; };
		1A93F6A7259A9B520024C90F /* Preview Assets.xcassets */ = {isa = PBXFileReference; lastKnownFileType = folder.assetcatalog; path = "Preview Assets.xcassets"; sourceTree = "<group>"; };
		1A93F6A9259A9B520024C90F /* Info.plist */ = {isa = PBXFileReference; lastKnownFileType = text.plist.xml; path = Info.plist; sourceTree = "<group>"; };
		1A93F6AA259A9B520024C90F /* ADAuthRunner.entitlements */ = {isa = PBXFileReference; lastKnownFileType = text.plist.entitlements; path = ADAuthRunner.entitlements; sourceTree = "<group>"; };
		1A93F6AF259A9B520024C90F /* ADAuthRunnerTests.xctest */ = {isa = PBXFileReference; explicitFileType = wrapper.cfbundle; includeInIndex = 0; path = ADAuthRunnerTests.xctest; sourceTree = BUILT_PRODUCTS_DIR; };
		1A93F6B3259A9B520024C90F /* ADAuthRunnerTests.swift */ = {isa = PBXFileReference; lastKnownFileType = sourcecode.swift; path = ADAuthRunnerTests.swift; sourceTree = "<group>"; };
		1A93F6B5259A9B520024C90F /* Info.plist */ = {isa = PBXFileReference; lastKnownFileType = text.plist.xml; path = Info.plist; sourceTree = "<group>"; };
		1A93F6BA259A9B520024C90F /* ADAuthRunnerUITests.xctest */ = {isa = PBXFileReference; explicitFileType = wrapper.cfbundle; includeInIndex = 0; path = ADAuthRunnerUITests.xctest; sourceTree = BUILT_PRODUCTS_DIR; };
		1A93F6BE259A9B520024C90F /* ADAuthRunnerUITests.swift */ = {isa = PBXFileReference; lastKnownFileType = sourcecode.swift; path = ADAuthRunnerUITests.swift; sourceTree = "<group>"; };
		1A93F6C0259A9B520024C90F /* Info.plist */ = {isa = PBXFileReference; lastKnownFileType = text.plist.xml; path = Info.plist; sourceTree = "<group>"; };
		1A93F6D8259AC0530024C90F /* SessionManager.swift */ = {isa = PBXFileReference; lastKnownFileType = sourcecode.swift; path = SessionManager.swift; sourceTree = "<group>"; };
		1AB3EEEC1FB6887C002D5F99 /* ADLDAPPing.swift */ = {isa = PBXFileReference; fileEncoding = 4; lastKnownFileType = sourcecode.swift; path = ADLDAPPing.swift; sourceTree = "<group>"; };
		1AB3EEF01FB688A6002D5F99 /* Extensions.swift */ = {isa = PBXFileReference; fileEncoding = 4; lastKnownFileType = sourcecode.swift; path = Extensions.swift; sourceTree = "<group>"; };
		1AB3EEF11FB688A6002D5F99 /* Logger.swift */ = {isa = PBXFileReference; fileEncoding = 4; lastKnownFileType = sourcecode.swift; path = Logger.swift; sourceTree = "<group>"; };
		1AB3EEF21FB688A6002D5F99 /* UNIXUtilities.swift */ = {isa = PBXFileReference; fileEncoding = 4; lastKnownFileType = sourcecode.swift; path = UNIXUtilities.swift; sourceTree = "<group>"; };
		1AB3EEF71FB688CB002D5F99 /* KerbUtil.h */ = {isa = PBXFileReference; fileEncoding = 4; lastKnownFileType = sourcecode.c.h; path = KerbUtil.h; sourceTree = "<group>"; };
		1AB3EEF81FB688CB002D5F99 /* KlistUtil.swift */ = {isa = PBXFileReference; fileEncoding = 4; lastKnownFileType = sourcecode.swift; path = KlistUtil.swift; sourceTree = "<group>"; };
		1AB3EEF91FB688CB002D5F99 /* KerbUtil.m */ = {isa = PBXFileReference; fileEncoding = 4; lastKnownFileType = sourcecode.c.objc; path = KerbUtil.m; sourceTree = "<group>"; };
		1AB3EEFA1FB688CB002D5F99 /* GSSItem.h */ = {isa = PBXFileReference; fileEncoding = 4; lastKnownFileType = sourcecode.c.h; path = GSSItem.h; sourceTree = "<group>"; };
		1AB3EEFB1FB688CB002D5F99 /* krb5.h */ = {isa = PBXFileReference; fileEncoding = 4; lastKnownFileType = sourcecode.c.h; path = krb5.h; sourceTree = "<group>"; };
		1AB3EF021FB688E6002D5F99 /* DNSResolver.h */ = {isa = PBXFileReference; fileEncoding = 4; lastKnownFileType = sourcecode.c.h; path = DNSResolver.h; sourceTree = "<group>"; };
		1AB3EF031FB688E6002D5F99 /* DNSResolver.m */ = {isa = PBXFileReference; fileEncoding = 4; lastKnownFileType = sourcecode.c.objc; path = DNSResolver.m; sourceTree = "<group>"; };
		1AB3EF061FB68904002D5F99 /* UserRecord.swift */ = {isa = PBXFileReference; lastKnownFileType = sourcecode.swift; path = UserRecord.swift; sourceTree = "<group>"; };
		1AB3EF081FB68922002D5F99 /* NoMADSession.swift */ = {isa = PBXFileReference; fileEncoding = 4; lastKnownFileType = sourcecode.swift; path = NoMADSession.swift; sourceTree = "<group>"; };
		1AB3EF0A1FB689A2002D5F99 /* README.md */ = {isa = PBXFileReference; lastKnownFileType = net.daringfireball.markdown; path = README.md; sourceTree = "<group>"; };
		1AB3EF301FB68A7D002D5F99 /* module.modulemap */ = {isa = PBXFileReference; lastKnownFileType = "sourcecode.module-map"; path = module.modulemap; sourceTree = "<group>"; };
		1AB3EF311FB68B12002D5F99 /* FRAMEWORK.md */ = {isa = PBXFileReference; lastKnownFileType = net.daringfireball.markdown; path = FRAMEWORK.md; sourceTree = "<group>"; };
		1AB3EF341FB68BC4002D5F99 /* Kerberos.framework */ = {isa = PBXFileReference; lastKnownFileType = wrapper.framework; name = Kerberos.framework; path = System/Library/Frameworks/Kerberos.framework; sourceTree = SDKROOT; };
		1AB3EF351FB68C18002D5F99 /* GSS.framework */ = {isa = PBXFileReference; lastKnownFileType = wrapper.framework; name = GSS.framework; path = System/Library/Frameworks/GSS.framework; sourceTree = SDKROOT; };
		1AB3EF361FB68F37002D5F99 /* libresolv.tbd */ = {isa = PBXFileReference; lastKnownFileType = "sourcecode.text-based-dylib-definition"; name = libresolv.tbd; path = usr/lib/libresolv.tbd; sourceTree = SDKROOT; };
		1AB3EF621FB698CC002D5F99 /* ADUserTests.swift */ = {isa = PBXFileReference; fileEncoding = 4; lastKnownFileType = sourcecode.swift; path = ADUserTests.swift; sourceTree = "<group>"; };
		1AB3EF651FB69A84002D5F99 /* WindowsCATools.swift */ = {isa = PBXFileReference; lastKnownFileType = sourcecode.swift; path = WindowsCATools.swift; sourceTree = "<group>"; };
		1AB3EF661FB69A87002D5F99 /* CSRGen.swift */ = {isa = PBXFileReference; lastKnownFileType = sourcecode.swift; path = CSRGen.swift; sourceTree = "<group>"; };
		1AB3EF691FB69B09002D5F99 /* libcommonCrypto.tbd */ = {isa = PBXFileReference; lastKnownFileType = "sourcecode.text-based-dylib-definition"; name = libcommonCrypto.tbd; path = usr/lib/system/libcommonCrypto.tbd; sourceTree = SDKROOT; };
		1AB3EF6D1FB69DB1002D5F99 /* Security.framework */ = {isa = PBXFileReference; lastKnownFileType = wrapper.framework; name = Security.framework; path = System/Library/Frameworks/Security.framework; sourceTree = SDKROOT; };
		1AB3EF761FB6A2FE002D5F99 /* SiteManager.swift */ = {isa = PBXFileReference; lastKnownFileType = sourcecode.swift; path = SiteManager.swift; sourceTree = "<group>"; };
		1AB3EF7A1FB6A3AB002D5F99 /* SessionManager.swift */ = {isa = PBXFileReference; lastKnownFileType = sourcecode.swift; path = SessionManager.swift; sourceTree = "<group>"; };
		1AB3EF7C1FB6A476002D5F99 /* ExpirationManager.swift */ = {isa = PBXFileReference; lastKnownFileType = sourcecode.swift; path = ExpirationManager.swift; sourceTree = "<group>"; };
		5BA6B18024AACE8500EE3D93 /* Package.swift */ = {isa = PBXFileReference; lastKnownFileType = sourcecode.swift; path = Package.swift; sourceTree = "<group>"; };
		9C00CCFD1FD5B8E900B5B36A /* SessionManagerTests.swift */ = {isa = PBXFileReference; lastKnownFileType = sourcecode.swift; path = SessionManagerTests.swift; sourceTree = "<group>"; };
/* End PBXFileReference section */

/* Begin PBXFrameworksBuildPhase section */
		1A10FCB91FAEA7B300D30727 /* Frameworks */ = {
			isa = PBXFrameworksBuildPhase;
			buildActionMask = 2147483647;
			files = (
				1AB3EF701FB69E0D002D5F99 /* Security.framework in Frameworks */,
				1AB3EF5F1FB69637002D5F99 /* GSS.framework in Frameworks */,
				1AB3EF601FB6963B002D5F99 /* libresolv.tbd in Frameworks */,
				1AB3EF611FB6963D002D5F99 /* Kerberos.framework in Frameworks */,
			);
			runOnlyForDeploymentPostprocessing = 0;
		};
		1A10FCC31FAEA7B300D30727 /* Frameworks */ = {
			isa = PBXFrameworksBuildPhase;
			buildActionMask = 2147483647;
			files = (
				1A10FCC71FAEA7B300D30727 /* NoMAD_ADAuth.framework in Frameworks */,
			);
			runOnlyForDeploymentPostprocessing = 0;
		};
		1A93F69B259A9B500024C90F /* Frameworks */ = {
			isa = PBXFrameworksBuildPhase;
			buildActionMask = 2147483647;
			files = (
				1A93F6CF259ABFFF0024C90F /* NoMAD_ADAuth.framework in Frameworks */,
			);
			runOnlyForDeploymentPostprocessing = 0;
		};
		1A93F6AC259A9B520024C90F /* Frameworks */ = {
			isa = PBXFrameworksBuildPhase;
			buildActionMask = 2147483647;
			files = (
			);
			runOnlyForDeploymentPostprocessing = 0;
		};
		1A93F6B7259A9B520024C90F /* Frameworks */ = {
			isa = PBXFrameworksBuildPhase;
			buildActionMask = 2147483647;
			files = (
			);
			runOnlyForDeploymentPostprocessing = 0;
		};
/* End PBXFrameworksBuildPhase section */

/* Begin PBXGroup section */
		1A10FCB31FAEA7B200D30727 = {
			isa = PBXGroup;
			children = (
				5BA6B18024AACE8500EE3D93 /* Package.swift */,
				1AB3EF0A1FB689A2002D5F99 /* README.md */,
				1A10FCBF1FAEA7B300D30727 /* NoMAD-ADAuth */,
				1A10FCCA1FAEA7B300D30727 /* NoMAD-ADAuthTests */,
				1A93F69F259A9B500024C90F /* ADAuthRunner */,
				1A93F6B2259A9B520024C90F /* ADAuthRunnerTests */,
				1A93F6BD259A9B520024C90F /* ADAuthRunnerUITests */,
				1A10FCBE1FAEA7B300D30727 /* Products */,
				1AB3EF321FB68BA9002D5F99 /* Frameworks */,
			);
			sourceTree = "<group>";
		};
		1A10FCBE1FAEA7B300D30727 /* Products */ = {
			isa = PBXGroup;
			children = (
				1A10FCBD1FAEA7B300D30727 /* NoMAD_ADAuth.framework */,
				1A10FCC61FAEA7B300D30727 /* NoMAD-ADAuthTests.xctest */,
				1A93F69E259A9B500024C90F /* ADAuthRunner.app */,
				1A93F6AF259A9B520024C90F /* ADAuthRunnerTests.xctest */,
				1A93F6BA259A9B520024C90F /* ADAuthRunnerUITests.xctest */,
			);
			name = Products;
			sourceTree = "<group>";
		};
		1A10FCBF1FAEA7B300D30727 /* NoMAD-ADAuth */ = {
			isa = PBXGroup;
			children = (
				1AB3EF711FB6A08B002D5F99 /* Managers */,
				1AB3EF641FB69A73002D5F99 /* CSR */,
				1AB3EF081FB68922002D5F99 /* NoMADSession.swift */,
				1AB3EF011FB688D8002D5F99 /* DNS */,
				1AB3EEF61FB688AD002D5F99 /* Kerberos */,
				1AB3EEEF1FB6889A002D5F99 /* Utility */,
				1AB3EEEB1FB68870002D5F99 /* LDAP */,
				1A10FCC01FAEA7B300D30727 /* NoMAD_ADAuth.h */,
				1A10FCC11FAEA7B300D30727 /* Info.plist */,
				1AB3EF311FB68B12002D5F99 /* FRAMEWORK.md */,
				1AB3EF301FB68A7D002D5F99 /* module.modulemap */,
			);
			path = "NoMAD-ADAuth";
			sourceTree = "<group>";
		};
		1A10FCCA1FAEA7B300D30727 /* NoMAD-ADAuthTests */ = {
			isa = PBXGroup;
			children = (
				9C00CCFD1FD5B8E900B5B36A /* SessionManagerTests.swift */,
				1A10FCCB1FAEA7B300D30727 /* NoMAD_ADAuthTests.swift */,
				1AB3EF621FB698CC002D5F99 /* ADUserTests.swift */,
				1A10FCCD1FAEA7B300D30727 /* Info.plist */,
			);
			path = "NoMAD-ADAuthTests";
			sourceTree = "<group>";
		};
		1A93F69F259A9B500024C90F /* ADAuthRunner */ = {
			isa = PBXGroup;
			children = (
				1A93F6A0259A9B500024C90F /* ADAuthRunnerApp.swift */,
				1A93F6A2259A9B500024C90F /* ContentView.swift */,
				1A93F6A4259A9B520024C90F /* Assets.xcassets */,
				1A93F6A9259A9B520024C90F /* Info.plist */,
				1A93F6AA259A9B520024C90F /* ADAuthRunner.entitlements */,
				1A93F6A6259A9B520024C90F /* Preview Content */,
				1A93F6D8259AC0530024C90F /* SessionManager.swift */,
			);
			path = ADAuthRunner;
			sourceTree = "<group>";
		};
		1A93F6A6259A9B520024C90F /* Preview Content */ = {
			isa = PBXGroup;
			children = (
				1A93F6A7259A9B520024C90F /* Preview Assets.xcassets */,
			);
			path = "Preview Content";
			sourceTree = "<group>";
		};
		1A93F6B2259A9B520024C90F /* ADAuthRunnerTests */ = {
			isa = PBXGroup;
			children = (
				1A93F6B3259A9B520024C90F /* ADAuthRunnerTests.swift */,
				1A93F6B5259A9B520024C90F /* Info.plist */,
			);
			path = ADAuthRunnerTests;
			sourceTree = "<group>";
		};
		1A93F6BD259A9B520024C90F /* ADAuthRunnerUITests */ = {
			isa = PBXGroup;
			children = (
				1A93F6BE259A9B520024C90F /* ADAuthRunnerUITests.swift */,
				1A93F6C0259A9B520024C90F /* Info.plist */,
			);
			path = ADAuthRunnerUITests;
			sourceTree = "<group>";
		};
		1AB3EEEB1FB68870002D5F99 /* LDAP */ = {
			isa = PBXGroup;
			children = (
				1AB3EEEC1FB6887C002D5F99 /* ADLDAPPing.swift */,
			);
			name = LDAP;
			sourceTree = "<group>";
		};
		1AB3EEEF1FB6889A002D5F99 /* Utility */ = {
			isa = PBXGroup;
			children = (
				1AB3EF061FB68904002D5F99 /* UserRecord.swift */,
				1AB3EEF01FB688A6002D5F99 /* Extensions.swift */,
				1AB3EEF11FB688A6002D5F99 /* Logger.swift */,
				1AB3EEF21FB688A6002D5F99 /* UNIXUtilities.swift */,
			);
			name = Utility;
			sourceTree = "<group>";
		};
		1AB3EEF61FB688AD002D5F99 /* Kerberos */ = {
			isa = PBXGroup;
			children = (
				1AB3EEFB1FB688CB002D5F99 /* krb5.h */,
				1AB3EEF81FB688CB002D5F99 /* KlistUtil.swift */,
				1AB3EEFA1FB688CB002D5F99 /* GSSItem.h */,
				1AB3EEF71FB688CB002D5F99 /* KerbUtil.h */,
				1AB3EEF91FB688CB002D5F99 /* KerbUtil.m */,
			);
			name = Kerberos;
			sourceTree = "<group>";
		};
		1AB3EF011FB688D8002D5F99 /* DNS */ = {
			isa = PBXGroup;
			children = (
				1AB3EF021FB688E6002D5F99 /* DNSResolver.h */,
				1AB3EF031FB688E6002D5F99 /* DNSResolver.m */,
			);
			name = DNS;
			sourceTree = "<group>";
		};
		1AB3EF321FB68BA9002D5F99 /* Frameworks */ = {
			isa = PBXGroup;
			children = (
				1AB3EF6D1FB69DB1002D5F99 /* Security.framework */,
				1AB3EF691FB69B09002D5F99 /* libcommonCrypto.tbd */,
				1AB3EF361FB68F37002D5F99 /* libresolv.tbd */,
				1AB3EF351FB68C18002D5F99 /* GSS.framework */,
				1AB3EF341FB68BC4002D5F99 /* Kerberos.framework */,
			);
			name = Frameworks;
			sourceTree = "<group>";
		};
		1AB3EF641FB69A73002D5F99 /* CSR */ = {
			isa = PBXGroup;
			children = (
				1AB3EF661FB69A87002D5F99 /* CSRGen.swift */,
				1AB3EF651FB69A84002D5F99 /* WindowsCATools.swift */,
			);
			name = CSR;
			sourceTree = "<group>";
		};
		1AB3EF711FB6A08B002D5F99 /* Managers */ = {
			isa = PBXGroup;
			children = (
				1AB3EF761FB6A2FE002D5F99 /* SiteManager.swift */,
				1AB3EF7A1FB6A3AB002D5F99 /* SessionManager.swift */,
				1AB3EF7C1FB6A476002D5F99 /* ExpirationManager.swift */,
			);
			name = Managers;
			sourceTree = "<group>";
		};
/* End PBXGroup section */

/* Begin PBXHeadersBuildPhase section */
		1A10FCBA1FAEA7B300D30727 /* Headers */ = {
			isa = PBXHeadersBuildPhase;
			buildActionMask = 2147483647;
			files = (
				1AB3EF001FB688CB002D5F99 /* krb5.h in Headers */,
				1AB3EF041FB688E6002D5F99 /* DNSResolver.h in Headers */,
				1AB3EEFC1FB688CB002D5F99 /* KerbUtil.h in Headers */,
				1A10FCCE1FAEA7B300D30727 /* NoMAD_ADAuth.h in Headers */,
				1AB3EEFF1FB688CB002D5F99 /* GSSItem.h in Headers */,
			);
			runOnlyForDeploymentPostprocessing = 0;
		};
/* End PBXHeadersBuildPhase section */

/* Begin PBXNativeTarget section */
		1A10FCBC1FAEA7B300D30727 /* NoMAD-ADAuth */ = {
			isa = PBXNativeTarget;
			buildConfigurationList = 1A10FCD11FAEA7B300D30727 /* Build configuration list for PBXNativeTarget "NoMAD-ADAuth" */;
			buildPhases = (
				1A10FCB81FAEA7B300D30727 /* Sources */,
				1A10FCB91FAEA7B300D30727 /* Frameworks */,
				1A10FCBA1FAEA7B300D30727 /* Headers */,
				1A10FCBB1FAEA7B300D30727 /* Resources */,
			);
			buildRules = (
			);
			dependencies = (
			);
			name = "NoMAD-ADAuth";
			productName = "NoMAD-ADAuth";
			productReference = 1A10FCBD1FAEA7B300D30727 /* NoMAD_ADAuth.framework */;
			productType = "com.apple.product-type.framework";
		};
		1A10FCC51FAEA7B300D30727 /* NoMAD-ADAuthTests */ = {
			isa = PBXNativeTarget;
			buildConfigurationList = 1A10FCD41FAEA7B300D30727 /* Build configuration list for PBXNativeTarget "NoMAD-ADAuthTests" */;
			buildPhases = (
				1A10FCC21FAEA7B300D30727 /* Sources */,
				1A10FCC31FAEA7B300D30727 /* Frameworks */,
				1A10FCC41FAEA7B300D30727 /* Resources */,
			);
			buildRules = (
			);
			dependencies = (
				1A10FCC91FAEA7B300D30727 /* PBXTargetDependency */,
			);
			name = "NoMAD-ADAuthTests";
			productName = "NoMAD-ADAuthTests";
			productReference = 1A10FCC61FAEA7B300D30727 /* NoMAD-ADAuthTests.xctest */;
			productType = "com.apple.product-type.bundle.unit-test";
		};
		1A93F69D259A9B500024C90F /* ADAuthRunner */ = {
			isa = PBXNativeTarget;
			buildConfigurationList = 1A93F6C7259A9B520024C90F /* Build configuration list for PBXNativeTarget "ADAuthRunner" */;
			buildPhases = (
				1A93F69A259A9B500024C90F /* Sources */,
				1A93F69B259A9B500024C90F /* Frameworks */,
				1A93F69C259A9B500024C90F /* Resources */,
				1A93F6D3259ABFFF0024C90F /* Embed Frameworks */,
			);
			buildRules = (
			);
			dependencies = (
				1A93F6D2259ABFFF0024C90F /* PBXTargetDependency */,
			);
			name = ADAuthRunner;
			productName = ADAuthRunner;
			productReference = 1A93F69E259A9B500024C90F /* ADAuthRunner.app */;
			productType = "com.apple.product-type.application";
		};
		1A93F6AE259A9B520024C90F /* ADAuthRunnerTests */ = {
			isa = PBXNativeTarget;
			buildConfigurationList = 1A93F6C8259A9B520024C90F /* Build configuration list for PBXNativeTarget "ADAuthRunnerTests" */;
			buildPhases = (
				1A93F6AB259A9B520024C90F /* Sources */,
				1A93F6AC259A9B520024C90F /* Frameworks */,
				1A93F6AD259A9B520024C90F /* Resources */,
			);
			buildRules = (
			);
			dependencies = (
				1A93F6B1259A9B520024C90F /* PBXTargetDependency */,
			);
			name = ADAuthRunnerTests;
			productName = ADAuthRunnerTests;
			productReference = 1A93F6AF259A9B520024C90F /* ADAuthRunnerTests.xctest */;
			productType = "com.apple.product-type.bundle.unit-test";
		};
		1A93F6B9259A9B520024C90F /* ADAuthRunnerUITests */ = {
			isa = PBXNativeTarget;
			buildConfigurationList = 1A93F6C9259A9B520024C90F /* Build configuration list for PBXNativeTarget "ADAuthRunnerUITests" */;
			buildPhases = (
				1A93F6B6259A9B520024C90F /* Sources */,
				1A93F6B7259A9B520024C90F /* Frameworks */,
				1A93F6B8259A9B520024C90F /* Resources */,
			);
			buildRules = (
			);
			dependencies = (
				1A93F6BC259A9B520024C90F /* PBXTargetDependency */,
			);
			name = ADAuthRunnerUITests;
			productName = ADAuthRunnerUITests;
			productReference = 1A93F6BA259A9B520024C90F /* ADAuthRunnerUITests.xctest */;
			productType = "com.apple.product-type.bundle.ui-testing";
		};
/* End PBXNativeTarget section */

/* Begin PBXProject section */
		1A10FCB41FAEA7B200D30727 /* Project object */ = {
			isa = PBXProject;
			attributes = {
				LastSwiftUpdateCheck = 1220;
				LastUpgradeCheck = 1200;
				ORGANIZATIONNAME = "Orchard & Grove Inc.";
				TargetAttributes = {
					1A10FCBC1FAEA7B300D30727 = {
						CreatedOnToolsVersion = 9.1;
						LastSwiftMigration = 1100;
						ProvisioningStyle = Automatic;
					};
					1A10FCC51FAEA7B300D30727 = {
						CreatedOnToolsVersion = 9.1;
						LastSwiftMigration = 1100;
						ProvisioningStyle = Automatic;
					};
					1A93F69D259A9B500024C90F = {
						CreatedOnToolsVersion = 12.2;
						ProvisioningStyle = Automatic;
					};
					1A93F6AE259A9B520024C90F = {
						CreatedOnToolsVersion = 12.2;
						ProvisioningStyle = Automatic;
						TestTargetID = 1A93F69D259A9B500024C90F;
					};
					1A93F6B9259A9B520024C90F = {
						CreatedOnToolsVersion = 12.2;
						ProvisioningStyle = Automatic;
						TestTargetID = 1A93F69D259A9B500024C90F;
					};
				};
			};
			buildConfigurationList = 1A10FCB71FAEA7B200D30727 /* Build configuration list for PBXProject "NoMAD-ADAuth" */;
			compatibilityVersion = "Xcode 8.0";
			developmentRegion = en;
			hasScannedForEncodings = 0;
			knownRegions = (
				en,
			);
			mainGroup = 1A10FCB31FAEA7B200D30727;
			productRefGroup = 1A10FCBE1FAEA7B300D30727 /* Products */;
			projectDirPath = "";
			projectRoot = "";
			targets = (
				1A10FCBC1FAEA7B300D30727 /* NoMAD-ADAuth */,
				1A10FCC51FAEA7B300D30727 /* NoMAD-ADAuthTests */,
				1A93F69D259A9B500024C90F /* ADAuthRunner */,
				1A93F6AE259A9B520024C90F /* ADAuthRunnerTests */,
				1A93F6B9259A9B520024C90F /* ADAuthRunnerUITests */,
			);
		};
/* End PBXProject section */

/* Begin PBXResourcesBuildPhase section */
		1A10FCBB1FAEA7B300D30727 /* Resources */ = {
			isa = PBXResourcesBuildPhase;
			buildActionMask = 2147483647;
			files = (
			);
			runOnlyForDeploymentPostprocessing = 0;
		};
		1A10FCC41FAEA7B300D30727 /* Resources */ = {
			isa = PBXResourcesBuildPhase;
			buildActionMask = 2147483647;
			files = (
			);
			runOnlyForDeploymentPostprocessing = 0;
		};
		1A93F69C259A9B500024C90F /* Resources */ = {
			isa = PBXResourcesBuildPhase;
			buildActionMask = 2147483647;
			files = (
				1A93F6A8259A9B520024C90F /* Preview Assets.xcassets in Resources */,
				1A93F6A5259A9B520024C90F /* Assets.xcassets in Resources */,
			);
			runOnlyForDeploymentPostprocessing = 0;
		};
		1A93F6AD259A9B520024C90F /* Resources */ = {
			isa = PBXResourcesBuildPhase;
			buildActionMask = 2147483647;
			files = (
			);
			runOnlyForDeploymentPostprocessing = 0;
		};
		1A93F6B8259A9B520024C90F /* Resources */ = {
			isa = PBXResourcesBuildPhase;
			buildActionMask = 2147483647;
			files = (
			);
			runOnlyForDeploymentPostprocessing = 0;
		};
/* End PBXResourcesBuildPhase section */

/* Begin PBXSourcesBuildPhase section */
		1A10FCB81FAEA7B300D30727 /* Sources */ = {
			isa = PBXSourcesBuildPhase;
			buildActionMask = 2147483647;
			files = (
				1AB3EEED1FB6887C002D5F99 /* ADLDAPPing.swift in Sources */,
				1AB3EF071FB68904002D5F99 /* UserRecord.swift in Sources */,
				1AB3EEF41FB688A6002D5F99 /* Logger.swift in Sources */,
				1AB3EF771FB6A302002D5F99 /* SiteManager.swift in Sources */,
				1AB3EEF31FB688A6002D5F99 /* Extensions.swift in Sources */,
				1AB3EF7B1FB6A3AB002D5F99 /* SessionManager.swift in Sources */,
				1AB3EF051FB688E6002D5F99 /* DNSResolver.m in Sources */,
				1AB3EF7D1FB6A476002D5F99 /* ExpirationManager.swift in Sources */,
				1AB3EEFE1FB688CB002D5F99 /* KerbUtil.m in Sources */,
				1AB3EF091FB68922002D5F99 /* NoMADSession.swift in Sources */,
				1AB3EEFD1FB688CB002D5F99 /* KlistUtil.swift in Sources */,
				1AB3EEF51FB688A6002D5F99 /* UNIXUtilities.swift in Sources */,
			);
			runOnlyForDeploymentPostprocessing = 0;
		};
		1A10FCC21FAEA7B300D30727 /* Sources */ = {
			isa = PBXSourcesBuildPhase;
			buildActionMask = 2147483647;
			files = (
				1A10FCCC1FAEA7B300D30727 /* NoMAD_ADAuthTests.swift in Sources */,
				9C00CCFE1FD5B8E900B5B36A /* SessionManagerTests.swift in Sources */,
				1AB3EF631FB698CC002D5F99 /* ADUserTests.swift in Sources */,
			);
			runOnlyForDeploymentPostprocessing = 0;
		};
		1A93F69A259A9B500024C90F /* Sources */ = {
			isa = PBXSourcesBuildPhase;
			buildActionMask = 2147483647;
			files = (
				1A93F6A3259A9B500024C90F /* ContentView.swift in Sources */,
				1A93F6A1259A9B500024C90F /* ADAuthRunnerApp.swift in Sources */,
				1A93F6D9259AC0530024C90F /* SessionManager.swift in Sources */,
			);
			runOnlyForDeploymentPostprocessing = 0;
		};
		1A93F6AB259A9B520024C90F /* Sources */ = {
			isa = PBXSourcesBuildPhase;
			buildActionMask = 2147483647;
			files = (
				1A93F6B4259A9B520024C90F /* ADAuthRunnerTests.swift in Sources */,
			);
			runOnlyForDeploymentPostprocessing = 0;
		};
		1A93F6B6259A9B520024C90F /* Sources */ = {
			isa = PBXSourcesBuildPhase;
			buildActionMask = 2147483647;
			files = (
				1A93F6BF259A9B520024C90F /* ADAuthRunnerUITests.swift in Sources */,
			);
			runOnlyForDeploymentPostprocessing = 0;
		};
/* End PBXSourcesBuildPhase section */

/* Begin PBXTargetDependency section */
		1A10FCC91FAEA7B300D30727 /* PBXTargetDependency */ = {
			isa = PBXTargetDependency;
			target = 1A10FCBC1FAEA7B300D30727 /* NoMAD-ADAuth */;
			targetProxy = 1A10FCC81FAEA7B300D30727 /* PBXContainerItemProxy */;
		};
		1A93F6B1259A9B520024C90F /* PBXTargetDependency */ = {
			isa = PBXTargetDependency;
			target = 1A93F69D259A9B500024C90F /* ADAuthRunner */;
			targetProxy = 1A93F6B0259A9B520024C90F /* PBXContainerItemProxy */;
		};
		1A93F6BC259A9B520024C90F /* PBXTargetDependency */ = {
			isa = PBXTargetDependency;
			target = 1A93F69D259A9B500024C90F /* ADAuthRunner */;
			targetProxy = 1A93F6BB259A9B520024C90F /* PBXContainerItemProxy */;
		};
		1A93F6D2259ABFFF0024C90F /* PBXTargetDependency */ = {
			isa = PBXTargetDependency;
			target = 1A10FCBC1FAEA7B300D30727 /* NoMAD-ADAuth */;
			targetProxy = 1A93F6D1259ABFFF0024C90F /* PBXContainerItemProxy */;
		};
/* End PBXTargetDependency section */

/* Begin XCBuildConfiguration section */
		1A10FCCF1FAEA7B300D30727 /* Debug */ = {
			isa = XCBuildConfiguration;
			buildSettings = {
				ALWAYS_SEARCH_USER_PATHS = NO;
				CLANG_ANALYZER_NONNULL = YES;
				CLANG_ANALYZER_NUMBER_OBJECT_CONVERSION = YES_AGGRESSIVE;
				CLANG_CXX_LANGUAGE_STANDARD = "gnu++14";
				CLANG_CXX_LIBRARY = "libc++";
				CLANG_ENABLE_MODULES = YES;
				CLANG_ENABLE_OBJC_ARC = YES;
				CLANG_WARN_BLOCK_CAPTURE_AUTORELEASING = YES;
				CLANG_WARN_BOOL_CONVERSION = YES;
				CLANG_WARN_COMMA = YES;
				CLANG_WARN_CONSTANT_CONVERSION = YES;
				CLANG_WARN_DEPRECATED_OBJC_IMPLEMENTATIONS = YES;
				CLANG_WARN_DIRECT_OBJC_ISA_USAGE = YES_ERROR;
				CLANG_WARN_DOCUMENTATION_COMMENTS = YES;
				CLANG_WARN_EMPTY_BODY = YES;
				CLANG_WARN_ENUM_CONVERSION = YES;
				CLANG_WARN_INFINITE_RECURSION = YES;
				CLANG_WARN_INT_CONVERSION = YES;
				CLANG_WARN_NON_LITERAL_NULL_CONVERSION = YES;
				CLANG_WARN_OBJC_IMPLICIT_RETAIN_SELF = YES;
				CLANG_WARN_OBJC_LITERAL_CONVERSION = YES;
				CLANG_WARN_OBJC_ROOT_CLASS = YES_ERROR;
				CLANG_WARN_QUOTED_INCLUDE_IN_FRAMEWORK_HEADER = YES;
				CLANG_WARN_RANGE_LOOP_ANALYSIS = YES;
				CLANG_WARN_STRICT_PROTOTYPES = YES;
				CLANG_WARN_SUSPICIOUS_MOVE = YES;
				CLANG_WARN_UNGUARDED_AVAILABILITY = YES_AGGRESSIVE;
				CLANG_WARN_UNREACHABLE_CODE = YES;
				CLANG_WARN__DUPLICATE_METHOD_MATCH = YES;
				CODE_SIGN_IDENTITY = "Mac Developer";
				COPY_PHASE_STRIP = NO;
				CURRENT_PROJECT_VERSION = 1;
				DEBUG_INFORMATION_FORMAT = dwarf;
				DEVELOPMENT_TEAM = VRPY9KHGX6;
				ENABLE_HARDENED_RUNTIME = YES;
				ENABLE_STRICT_OBJC_MSGSEND = YES;
				ENABLE_TESTABILITY = YES;
				GCC_C_LANGUAGE_STANDARD = gnu11;
				GCC_DYNAMIC_NO_PIC = NO;
				GCC_NO_COMMON_BLOCKS = YES;
				GCC_OPTIMIZATION_LEVEL = 0;
				GCC_PREPROCESSOR_DEFINITIONS = (
					"DEBUG=1",
					"$(inherited)",
				);
				GCC_WARN_64_TO_32_BIT_CONVERSION = YES;
				GCC_WARN_ABOUT_RETURN_TYPE = YES_ERROR;
				GCC_WARN_UNDECLARED_SELECTOR = YES;
				GCC_WARN_UNINITIALIZED_AUTOS = YES_AGGRESSIVE;
				GCC_WARN_UNUSED_FUNCTION = YES;
				GCC_WARN_UNUSED_VARIABLE = YES;
				MACOSX_DEPLOYMENT_TARGET = 10.10;
				MTL_ENABLE_DEBUG_INFO = YES;
				ONLY_ACTIVE_ARCH = YES;
				SDKROOT = macosx;
				SWIFT_ACTIVE_COMPILATION_CONDITIONS = DEBUG;
				SWIFT_OPTIMIZATION_LEVEL = "-Onone";
				SWIFT_VERSION = 5.0;
				VERSIONING_SYSTEM = "apple-generic";
				VERSION_INFO_PREFIX = "";
			};
			name = Debug;
		};
		1A10FCD01FAEA7B300D30727 /* Release */ = {
			isa = XCBuildConfiguration;
			buildSettings = {
				ALWAYS_SEARCH_USER_PATHS = NO;
				CLANG_ANALYZER_NONNULL = YES;
				CLANG_ANALYZER_NUMBER_OBJECT_CONVERSION = YES_AGGRESSIVE;
				CLANG_CXX_LANGUAGE_STANDARD = "gnu++14";
				CLANG_CXX_LIBRARY = "libc++";
				CLANG_ENABLE_MODULES = YES;
				CLANG_ENABLE_OBJC_ARC = YES;
				CLANG_WARN_BLOCK_CAPTURE_AUTORELEASING = YES;
				CLANG_WARN_BOOL_CONVERSION = YES;
				CLANG_WARN_COMMA = YES;
				CLANG_WARN_CONSTANT_CONVERSION = YES;
				CLANG_WARN_DEPRECATED_OBJC_IMPLEMENTATIONS = YES;
				CLANG_WARN_DIRECT_OBJC_ISA_USAGE = YES_ERROR;
				CLANG_WARN_DOCUMENTATION_COMMENTS = YES;
				CLANG_WARN_EMPTY_BODY = YES;
				CLANG_WARN_ENUM_CONVERSION = YES;
				CLANG_WARN_INFINITE_RECURSION = YES;
				CLANG_WARN_INT_CONVERSION = YES;
				CLANG_WARN_NON_LITERAL_NULL_CONVERSION = YES;
				CLANG_WARN_OBJC_IMPLICIT_RETAIN_SELF = YES;
				CLANG_WARN_OBJC_LITERAL_CONVERSION = YES;
				CLANG_WARN_OBJC_ROOT_CLASS = YES_ERROR;
				CLANG_WARN_QUOTED_INCLUDE_IN_FRAMEWORK_HEADER = YES;
				CLANG_WARN_RANGE_LOOP_ANALYSIS = YES;
				CLANG_WARN_STRICT_PROTOTYPES = YES;
				CLANG_WARN_SUSPICIOUS_MOVE = YES;
				CLANG_WARN_UNGUARDED_AVAILABILITY = YES_AGGRESSIVE;
				CLANG_WARN_UNREACHABLE_CODE = YES;
				CLANG_WARN__DUPLICATE_METHOD_MATCH = YES;
				CODE_SIGN_IDENTITY = "Mac Developer";
				COPY_PHASE_STRIP = NO;
				CURRENT_PROJECT_VERSION = 1;
				DEBUG_INFORMATION_FORMAT = "dwarf-with-dsym";
				DEVELOPMENT_TEAM = VRPY9KHGX6;
				ENABLE_HARDENED_RUNTIME = YES;
				ENABLE_NS_ASSERTIONS = NO;
				ENABLE_STRICT_OBJC_MSGSEND = YES;
				GCC_C_LANGUAGE_STANDARD = gnu11;
				GCC_NO_COMMON_BLOCKS = YES;
				GCC_WARN_64_TO_32_BIT_CONVERSION = YES;
				GCC_WARN_ABOUT_RETURN_TYPE = YES_ERROR;
				GCC_WARN_UNDECLARED_SELECTOR = YES;
				GCC_WARN_UNINITIALIZED_AUTOS = YES_AGGRESSIVE;
				GCC_WARN_UNUSED_FUNCTION = YES;
				GCC_WARN_UNUSED_VARIABLE = YES;
				MACOSX_DEPLOYMENT_TARGET = 10.10;
				MTL_ENABLE_DEBUG_INFO = NO;
				SDKROOT = macosx;
				SWIFT_OPTIMIZATION_LEVEL = "-Owholemodule";
				SWIFT_VERSION = 5.0;
				VERSIONING_SYSTEM = "apple-generic";
				VERSION_INFO_PREFIX = "";
			};
			name = Release;
		};
		1A10FCD21FAEA7B300D30727 /* Debug */ = {
			isa = XCBuildConfiguration;
			buildSettings = {
				ALWAYS_EMBED_SWIFT_STANDARD_LIBRARIES = YES;
				CLANG_ENABLE_MODULES = YES;
				CODE_SIGN_IDENTITY = "";
				CODE_SIGN_STYLE = Automatic;
				COMBINE_HIDPI_IMAGES = YES;
				DEFINES_MODULE = YES;
				DEVELOPMENT_TEAM = VRPY9KHGX6;
				DYLIB_COMPATIBILITY_VERSION = 1;
				DYLIB_CURRENT_VERSION = 1;
				DYLIB_INSTALL_NAME_BASE = "@rpath";
				FRAMEWORK_VERSION = A;
				INFOPLIST_FILE = "NoMAD-ADAuth/Info.plist";
				INSTALL_PATH = "@executable_path/../Frameworks";
				LD_RUNPATH_SEARCH_PATHS = "$(inherited) @executable_path/../Frameworks @loader_path/Frameworks";
				LIBRARY_SEARCH_PATHS = (
					"$(inherited)",
					"$(SDKROOT)/usr/lib/system",
				);
				MACOSX_DEPLOYMENT_TARGET = 10.10;
				MARKETING_VERSION = 1.0.5;
				MODULEMAP_PRIVATE_FILE = "";
				PRODUCT_BUNDLE_IDENTIFIER = "menu.nomad.NoMAD-ADAuth";
				PRODUCT_NAME = "$(TARGET_NAME:c99extidentifier)";
				SKIP_INSTALL = NO;
				SWIFT_INCLUDE_PATHS = "$(SRCROOT)/NOMAD-ADAuth/**";
				SWIFT_OPTIMIZATION_LEVEL = "-Onone";
				SWIFT_VERSION = 5.0;
			};
			name = Debug;
		};
		1A10FCD31FAEA7B300D30727 /* Release */ = {
			isa = XCBuildConfiguration;
			buildSettings = {
				ALWAYS_EMBED_SWIFT_STANDARD_LIBRARIES = YES;
				CLANG_ENABLE_MODULES = YES;
				CODE_SIGN_IDENTITY = "";
				CODE_SIGN_STYLE = Automatic;
				COMBINE_HIDPI_IMAGES = YES;
				DEFINES_MODULE = YES;
				DEVELOPMENT_TEAM = VRPY9KHGX6;
				DYLIB_COMPATIBILITY_VERSION = 1;
				DYLIB_CURRENT_VERSION = 1;
				DYLIB_INSTALL_NAME_BASE = "@rpath";
				FRAMEWORK_VERSION = A;
				INFOPLIST_FILE = "NoMAD-ADAuth/Info.plist";
				INSTALL_PATH = "@executable_path/../Frameworks";
				LD_RUNPATH_SEARCH_PATHS = "$(inherited) @executable_path/../Frameworks @loader_path/Frameworks";
				LIBRARY_SEARCH_PATHS = (
					"$(inherited)",
					"$(SDKROOT)/usr/lib/system",
				);
				MACOSX_DEPLOYMENT_TARGET = 10.10;
				MARKETING_VERSION = 1.0.5;
				MODULEMAP_PRIVATE_FILE = "";
				PRODUCT_BUNDLE_IDENTIFIER = "menu.nomad.NoMAD-ADAuth";
				PRODUCT_NAME = "$(TARGET_NAME:c99extidentifier)";
				SKIP_INSTALL = NO;
				SWIFT_INCLUDE_PATHS = "$(SRCROOT)/NOMAD-ADAuth/**";
				SWIFT_VERSION = 5.0;
			};
			name = Release;
		};
		1A10FCD51FAEA7B300D30727 /* Debug */ = {
			isa = XCBuildConfiguration;
			buildSettings = {
				ALWAYS_EMBED_SWIFT_STANDARD_LIBRARIES = YES;
				CODE_SIGN_IDENTITY = "";
				CODE_SIGN_STYLE = Automatic;
				COMBINE_HIDPI_IMAGES = YES;
				DEVELOPMENT_TEAM = VRPY9KHGX6;
				INFOPLIST_FILE = "NoMAD-ADAuthTests/Info.plist";
				LD_RUNPATH_SEARCH_PATHS = "$(inherited) @executable_path/../Frameworks @loader_path/../Frameworks";
				PRODUCT_BUNDLE_IDENTIFIER = "menu.nomad.NoMAD-ADAuthTests";
				PRODUCT_NAME = "$(TARGET_NAME)";
				SWIFT_VERSION = 5.0;
			};
			name = Debug;
		};
		1A10FCD61FAEA7B300D30727 /* Release */ = {
			isa = XCBuildConfiguration;
			buildSettings = {
				ALWAYS_EMBED_SWIFT_STANDARD_LIBRARIES = YES;
				CODE_SIGN_IDENTITY = "";
				CODE_SIGN_STYLE = Automatic;
				COMBINE_HIDPI_IMAGES = YES;
				DEVELOPMENT_TEAM = VRPY9KHGX6;
				INFOPLIST_FILE = "NoMAD-ADAuthTests/Info.plist";
				LD_RUNPATH_SEARCH_PATHS = "$(inherited) @executable_path/../Frameworks @loader_path/../Frameworks";
				PRODUCT_BUNDLE_IDENTIFIER = "menu.nomad.NoMAD-ADAuthTests";
				PRODUCT_NAME = "$(TARGET_NAME)";
				SWIFT_VERSION = 5.0;
			};
			name = Release;
		};
		1A93F6C1259A9B520024C90F /* Debug */ = {
			isa = XCBuildConfiguration;
			buildSettings = {
				ASSETCATALOG_COMPILER_APPICON_NAME = AppIcon;
				ASSETCATALOG_COMPILER_GLOBAL_ACCENT_COLOR_NAME = AccentColor;
				CLANG_ENABLE_OBJC_WEAK = YES;
				CODE_SIGN_ENTITLEMENTS = ADAuthRunner/ADAuthRunner.entitlements;
				CODE_SIGN_STYLE = Automatic;
				COMBINE_HIDPI_IMAGES = YES;
				DEVELOPMENT_ASSET_PATHS = "\"ADAuthRunner/Preview Content\"";
				DEVELOPMENT_TEAM = VRPY9KHGX6;
				ENABLE_HARDENED_RUNTIME = YES;
				ENABLE_PREVIEWS = YES;
				INFOPLIST_FILE = ADAuthRunner/Info.plist;
				LD_RUNPATH_SEARCH_PATHS = "$(inherited) @executable_path/../Frameworks";
				MACOSX_DEPLOYMENT_TARGET = 11.0;
				MTL_ENABLE_DEBUG_INFO = INCLUDE_SOURCE;
				MTL_FAST_MATH = YES;
				PRODUCT_BUNDLE_IDENTIFIER = menu.nomad.ADAuthRunner;
				PRODUCT_NAME = "$(TARGET_NAME)";
				SWIFT_VERSION = 5.0;
			};
			name = Debug;
		};
		1A93F6C2259A9B520024C90F /* Release */ = {
			isa = XCBuildConfiguration;
			buildSettings = {
				ASSETCATALOG_COMPILER_APPICON_NAME = AppIcon;
				ASSETCATALOG_COMPILER_GLOBAL_ACCENT_COLOR_NAME = AccentColor;
				CLANG_ENABLE_OBJC_WEAK = YES;
				CODE_SIGN_ENTITLEMENTS = ADAuthRunner/ADAuthRunner.entitlements;
				CODE_SIGN_STYLE = Automatic;
				COMBINE_HIDPI_IMAGES = YES;
				DEVELOPMENT_ASSET_PATHS = "\"ADAuthRunner/Preview Content\"";
				DEVELOPMENT_TEAM = VRPY9KHGX6;
				ENABLE_HARDENED_RUNTIME = YES;
				ENABLE_PREVIEWS = YES;
				INFOPLIST_FILE = ADAuthRunner/Info.plist;
				LD_RUNPATH_SEARCH_PATHS = "$(inherited) @executable_path/../Frameworks";
				MACOSX_DEPLOYMENT_TARGET = 11.0;
				MTL_FAST_MATH = YES;
				PRODUCT_BUNDLE_IDENTIFIER = menu.nomad.ADAuthRunner;
				PRODUCT_NAME = "$(TARGET_NAME)";
				SWIFT_VERSION = 5.0;
			};
			name = Release;
		};
		1A93F6C3259A9B520024C90F /* Debug */ = {
			isa = XCBuildConfiguration;
			buildSettings = {
				ALWAYS_EMBED_SWIFT_STANDARD_LIBRARIES = YES;
				BUNDLE_LOADER = "$(TEST_HOST)";
				CLANG_ENABLE_OBJC_WEAK = YES;
				CODE_SIGN_STYLE = Automatic;
				COMBINE_HIDPI_IMAGES = YES;
				DEVELOPMENT_TEAM = VRPY9KHGX6;
				INFOPLIST_FILE = ADAuthRunnerTests/Info.plist;
				LD_RUNPATH_SEARCH_PATHS = "$(inherited) @executable_path/../Frameworks @loader_path/../Frameworks";
				MACOSX_DEPLOYMENT_TARGET = 11.0;
				MTL_ENABLE_DEBUG_INFO = INCLUDE_SOURCE;
				MTL_FAST_MATH = YES;
				PRODUCT_BUNDLE_IDENTIFIER = menu.nomad.ADAuthRunnerTests;
				PRODUCT_NAME = "$(TARGET_NAME)";
				SWIFT_VERSION = 5.0;
				TEST_HOST = "$(BUILT_PRODUCTS_DIR)/ADAuthRunner.app/Contents/MacOS/ADAuthRunner";
			};
			name = Debug;
		};
		1A93F6C4259A9B520024C90F /* Release */ = {
			isa = XCBuildConfiguration;
			buildSettings = {
				ALWAYS_EMBED_SWIFT_STANDARD_LIBRARIES = YES;
				BUNDLE_LOADER = "$(TEST_HOST)";
				CLANG_ENABLE_OBJC_WEAK = YES;
				CODE_SIGN_STYLE = Automatic;
				COMBINE_HIDPI_IMAGES = YES;
				DEVELOPMENT_TEAM = VRPY9KHGX6;
				INFOPLIST_FILE = ADAuthRunnerTests/Info.plist;
				LD_RUNPATH_SEARCH_PATHS = "$(inherited) @executable_path/../Frameworks @loader_path/../Frameworks";
				MACOSX_DEPLOYMENT_TARGET = 11.0;
				MTL_FAST_MATH = YES;
				PRODUCT_BUNDLE_IDENTIFIER = menu.nomad.ADAuthRunnerTests;
				PRODUCT_NAME = "$(TARGET_NAME)";
				SWIFT_VERSION = 5.0;
				TEST_HOST = "$(BUILT_PRODUCTS_DIR)/ADAuthRunner.app/Contents/MacOS/ADAuthRunner";
			};
			name = Release;
		};
		1A93F6C5259A9B520024C90F /* Debug */ = {
			isa = XCBuildConfiguration;
			buildSettings = {
				ALWAYS_EMBED_SWIFT_STANDARD_LIBRARIES = YES;
				CLANG_ENABLE_OBJC_WEAK = YES;
				CODE_SIGN_STYLE = Automatic;
				COMBINE_HIDPI_IMAGES = YES;
				DEVELOPMENT_TEAM = VRPY9KHGX6;
				INFOPLIST_FILE = ADAuthRunnerUITests/Info.plist;
				LD_RUNPATH_SEARCH_PATHS = "$(inherited) @executable_path/../Frameworks @loader_path/../Frameworks";
				MACOSX_DEPLOYMENT_TARGET = 11.0;
				MTL_ENABLE_DEBUG_INFO = INCLUDE_SOURCE;
				MTL_FAST_MATH = YES;
				PRODUCT_BUNDLE_IDENTIFIER = menu.nomad.ADAuthRunnerUITests;
				PRODUCT_NAME = "$(TARGET_NAME)";
				SWIFT_VERSION = 5.0;
				TEST_TARGET_NAME = ADAuthRunner;
			};
			name = Debug;
		};
		1A93F6C6259A9B520024C90F /* Release */ = {
			isa = XCBuildConfiguration;
			buildSettings = {
				ALWAYS_EMBED_SWIFT_STANDARD_LIBRARIES = YES;
				CLANG_ENABLE_OBJC_WEAK = YES;
				CODE_SIGN_STYLE = Automatic;
				COMBINE_HIDPI_IMAGES = YES;
				DEVELOPMENT_TEAM = VRPY9KHGX6;
				INFOPLIST_FILE = ADAuthRunnerUITests/Info.plist;
				LD_RUNPATH_SEARCH_PATHS = "$(inherited) @executable_path/../Frameworks @loader_path/../Frameworks";
				MACOSX_DEPLOYMENT_TARGET = 11.0;
				MTL_FAST_MATH = YES;
				PRODUCT_BUNDLE_IDENTIFIER = menu.nomad.ADAuthRunnerUITests;
				PRODUCT_NAME = "$(TARGET_NAME)";
				SWIFT_VERSION = 5.0;
				TEST_TARGET_NAME = ADAuthRunner;
			};
			name = Release;
		};
/* End XCBuildConfiguration section */

/* Begin XCConfigurationList section */
		1A10FCB71FAEA7B200D30727 /* Build configuration list for PBXProject "NoMAD-ADAuth" */ = {
			isa = XCConfigurationList;
			buildConfigurations = (
				1A10FCCF1FAEA7B300D30727 /* Debug */,
				1A10FCD01FAEA7B300D30727 /* Release */,
			);
			defaultConfigurationIsVisible = 0;
			defaultConfigurationName = Release;
		};
		1A10FCD11FAEA7B300D30727 /* Build configuration list for PBXNativeTarget "NoMAD-ADAuth" */ = {
			isa = XCConfigurationList;
			buildConfigurations = (
				1A10FCD21FAEA7B300D30727 /* Debug */,
				1A10FCD31FAEA7B300D30727 /* Release */,
			);
			defaultConfigurationIsVisible = 0;
			defaultConfigurationName = Release;
		};
		1A10FCD41FAEA7B300D30727 /* Build configuration list for PBXNativeTarget "NoMAD-ADAuthTests" */ = {
			isa = XCConfigurationList;
			buildConfigurations = (
				1A10FCD51FAEA7B300D30727 /* Debug */,
				1A10FCD61FAEA7B300D30727 /* Release */,
			);
			defaultConfigurationIsVisible = 0;
			defaultConfigurationName = Release;
		};
		1A93F6C7259A9B520024C90F /* Build configuration list for PBXNativeTarget "ADAuthRunner" */ = {
			isa = XCConfigurationList;
			buildConfigurations = (
				1A93F6C1259A9B520024C90F /* Debug */,
				1A93F6C2259A9B520024C90F /* Release */,
			);
			defaultConfigurationIsVisible = 0;
			defaultConfigurationName = Release;
		};
		1A93F6C8259A9B520024C90F /* Build configuration list for PBXNativeTarget "ADAuthRunnerTests" */ = {
			isa = XCConfigurationList;
			buildConfigurations = (
				1A93F6C3259A9B520024C90F /* Debug */,
				1A93F6C4259A9B520024C90F /* Release */,
			);
			defaultConfigurationIsVisible = 0;
			defaultConfigurationName = Release;
		};
		1A93F6C9259A9B520024C90F /* Build configuration list for PBXNativeTarget "ADAuthRunnerUITests" */ = {
			isa = XCConfigurationList;
			buildConfigurations = (
				1A93F6C5259A9B520024C90F /* Debug */,
				1A93F6C6259A9B520024C90F /* Release */,
			);
			defaultConfigurationIsVisible = 0;
			defaultConfigurationName = Release;
		};
/* End XCConfigurationList section */
	};
	rootObject = 1A10FCB41FAEA7B200D30727 /* Project object */;
}
